
Microsoft Visual Studio Solution File, Format Version 12.00
# Visual Studio Version 17
VisualStudioVersion = 17.11.35303.130
MinimumVisualStudioVersion = 10.0.40219.1
Project("{FAE04EC0-301F-11D3-BF4B-00C04F79EFBC}") = "DapperHw", "DapperHw\DapperHw.csproj", "{D1603AEE-2B7B-48A4-B0A1-E0B348E99A9A}"
EndProject
Global
	GlobalSection(SolutionConfigurationPlatforms) = preSolution
		Debug|Any CPU = Debug|Any CPU
		Release|Any CPU = Release|Any CPU
	EndGlobalSection
	GlobalSection(ProjectConfigurationPlatforms) = postSolution
		{D1603AEE-2B7B-48A4-B0A1-E0B348E99A9A}.Debug|Any CPU.ActiveCfg = Debug|Any CPU
		{D1603AEE-2B7B-48A4-B0A1-E0B348E99A9A}.Debug|Any CPU.Build.0 = Debug|Any CPU
		{D1603AEE-2B7B-48A4-B0A1-E0B348E99A9A}.Release|Any CPU.ActiveCfg = Release|Any CPU
		{D1603AEE-2B7B-48A4-B0A1-E0B348E99A9A}.Release|Any CPU.Build.0 = Release|Any CPU
	EndGlobalSection
	GlobalSection(SolutionProperties) = preSolution
		HideSolutionNode = FALSE
	EndGlobalSection
	GlobalSection(ExtensibilityGlobals) = postSolution
		SolutionGuid = {C39F9B2F-2352-4C81-93E4-5F15D396C97E}
	EndGlobalSection
EndGlobal
